Microsoft Visual Studio Solution File, Format Version 12.00
# Visual Studio 2012
Project("{FAE04EC0-301F-11D3-BF4B-00C04F79EFBC}") = "Mount Hollow", "Mount Hollow.csproj", "{4386CD89-94F7-40BA-8B72-ADE08F5D85ED}"
EndProject
Global
	GlobalSection(SolutionConfigurationPlatforms) = preSolution
	Debug|Any CPU = Debug|Any CPU
	ExportDebug|Any CPU = ExportDebug|Any CPU
	ExportRelease|Any CPU = ExportRelease|Any CPU
	EndGlobalSection
	GlobalSection(ProjectConfigurationPlatforms) = postSolution
		{4386CD89-94F7-40BA-8B72-ADE08F5D85ED}.Debug|Any CPU.ActiveCfg = Debug|Any CPU
		{4386CD89-94F7-40BA-8B72-ADE08F5D85ED}.Debug|Any CPU.Build.0 = Debug|Any CPU
		{4386CD89-94F7-40BA-8B72-ADE08F5D85ED}.ExportDebug|Any CPU.ActiveCfg = ExportDebug|Any CPU
		{4386CD89-94F7-40BA-8B72-ADE08F5D85ED}.ExportDebug|Any CPU.Build.0 = ExportDebug|Any CPU
		{4386CD89-94F7-40BA-8B72-ADE08F5D85ED}.ExportRelease|Any CPU.ActiveCfg = ExportRelease|Any CPU
		{4386CD89-94F7-40BA-8B72-ADE08F5D85ED}.ExportRelease|Any CPU.Build.0 = ExportRelease|Any CPU
	EndGlobalSection
EndGlobal
